
Microsoft Visual Studio Solution File, Format Version 12.00
# Visual Studio Express 2012 for Windows Desktop
Project("{FAE04EC0-301F-11D3-BF4B-00C04F79EFBC}") = "Islemler", "Islemler\Islemler.csproj", "{9CED3C4F-553B-490A-9550-075286EDB5E8}"
EndProject
Project("{FAE04EC0-301F-11D3-BF4B-00C04F79EFBC}") = "CezarSifleme", "CezarSifleme\CezarSifleme.csproj", "{E07B3010-E000-43FF-95B8-BF485C706D01}"
EndProject
Global
	GlobalSection(SolutionConfigurationPlatforms) = preSolution
		Debug|Any CPU = Debug|Any CPU
		Release|Any CPU = Release|Any CPU
	EndGlobalSection
	GlobalSection(ProjectConfigurationPlatforms) = postSolution
		{9CED3C4F-553B-490A-9550-075286EDB5E8}.Debug|Any CPU.ActiveCfg = Debug|Any CPU
		{9CED3C4F-553B-490A-9550-075286EDB5E8}.Debug|Any CPU.Build.0 = Debug|Any CPU
		{9CED3C4F-553B-490A-9550-075286EDB5E8}.Release|Any CPU.ActiveCfg = Release|Any CPU
		{9CED3C4F-553B-490A-9550-075286EDB5E8}.Release|Any CPU.Build.0 = Release|Any CPU
		{E07B3010-E000-43FF-95B8-BF485C706D01}.Debug|Any CPU.ActiveCfg = Debug|Any CPU
		{E07B3010-E000-43FF-95B8-BF485C706D01}.Debug|Any CPU.Build.0 = Debug|Any CPU
		{E07B3010-E000-43FF-95B8-BF485C706D01}.Release|Any CPU.ActiveCfg = Release|Any CPU
		{E07B3010-E000-43FF-95B8-BF485C706D01}.Release|Any CPU.Build.0 = Release|Any CPU
	EndGlobalSection
	GlobalSection(SolutionProperties) = preSolution
		HideSolutionNode = FALSE
	EndGlobalSection
EndGlobal
